# THIS IS AN AUTOGENERATED FILE. DO NOT EDIT THIS FILE DIRECTLY.
# yarn lockfile v1


bluebird@^3.5.0:
  version "3.5.0"
  resolved "https://registry.yarnpkg.com/bluebird/-/bluebird-3.5.0.tgz#791420d7f551eea2897453a8a77653f96606d67c"

chmod@^0.2.1:
  version "0.2.1"
  resolved "https://registry.yarnpkg.com/chmod/-/chmod-0.2.1.tgz#dee71c420fc00bf523d572b14922f55d919f9d0a"
  dependencies:
    deep-extend "^0.2.8"
    stat-mode "~0.1.0"

deep-extend@^0.2.8:
  version "0.2.11"
  resolved "https://registry.yarnpkg.com/deep-extend/-/deep-extend-0.2.11.tgz#7a16ba69729132340506170494bc83f7076fe08f"

stat-mode@~0.1.0:
  version "0.1.0"
  resolved "https://registry.yarnpkg.com/stat-mode/-/stat-mode-0.1.0.tgz#0cfbec3af29e6059122d2f7efc3e96a8203556a9"
